
Microsoft Visual Studio Solution File, Format Version 12.00
# Visual Studio Version 16
VisualStudioVersion = 16.0.30204.135
MinimumVisualStudioVersion = 10.0.40219.1
Project("{888888A0-9F3D-457C-B088-3A5042F75D52}") = "LinearReg", "LinearReg\LinearReg.pyproj", "{268FBAD2-E054-472E-94C8-067DB1B3160F}"
EndProject
Global
	GlobalSection(SolutionConfigurationPlatforms) = preSolution
		Debug|Any CPU = Debug|Any CPU
		Release|Any CPU = Release|Any CPU
	EndGlobalSection
	GlobalSection(ProjectConfigurationPlatforms) = postSolution
		{268FBAD2-E054-472E-94C8-067DB1B3160F}.Debug|Any CPU.ActiveCfg = Debug|Any CPU
		{268FBAD2-E054-472E-94C8-067DB1B3160F}.Release|Any CPU.ActiveCfg = Release|Any CPU
	EndGlobalSection
	GlobalSection(SolutionProperties) = preSolution
		HideSolutionNode = FALSE
	EndGlobalSection
	GlobalSection(ExtensibilityGlobals) = postSolution
		SolutionGuid = {BB1A7B29-5B59-471C-B1A9-8AF0E3E45FA8}
	EndGlobalSection
EndGlobal
